
Microsoft Visual Studio Solution File, Format Version 12.00
# Visual Studio Version 16
VisualStudioVersion = 16.0.31205.134
MinimumVisualStudioVersion = 10.0.40219.1
Project("{FAE04EC0-301F-11D3-BF4B-00C04F79EFBC}") = "KeremetTest", "KeremetTest\KeremetTest.csproj", "{FD2F95E1-F73A-44F3-A4D9-5A8472A3D9E7}"
EndProject
Global
	GlobalSection(SolutionConfigurationPlatforms) = preSolution
		Debug|Any CPU = Debug|Any CPU
		Release|Any CPU = Release|Any CPU
	EndGlobalSection
	GlobalSection(ProjectConfigurationPlatforms) = postSolution
		{FD2F95E1-F73A-44F3-A4D9-5A8472A3D9E7}.Debug|Any CPU.ActiveCfg = Debug|Any CPU
		{FD2F95E1-F73A-44F3-A4D9-5A8472A3D9E7}.Debug|Any CPU.Build.0 = Debug|Any CPU
		{FD2F95E1-F73A-44F3-A4D9-5A8472A3D9E7}.Release|Any CPU.ActiveCfg = Release|Any CPU
		{FD2F95E1-F73A-44F3-A4D9-5A8472A3D9E7}.Release|Any CPU.Build.0 = Release|Any CPU
	EndGlobalSection
	GlobalSection(SolutionProperties) = preSolution
		HideSolutionNode = FALSE
	EndGlobalSection
	GlobalSection(ExtensibilityGlobals) = postSolution
		SolutionGuid = {32FDCDE0-3CEF-4D29-8E62-8A073A9406D4}
	EndGlobalSection
EndGlobal
